
Microsoft Visual Studio Solution File, Format Version 12.00
# Visual Studio Version 17
VisualStudioVersion = 17.7.34024.191
MinimumVisualStudioVersion = 10.0.40219.1
Project("{9A19103F-16F7-4668-BE54-9A1E7A4F7556}") = "ClientApp", "..\ClientApp\ClientApp.csproj", "{94FA1094-FB4F-450C-8A70-43C2283282C4}"
EndProject
Project("{9A19103F-16F7-4668-BE54-9A1E7A4F7556}") = "Application", "..\Application\Application.csproj", "{534E185F-04C7-4473-B8FA-E8892F42912F}"
EndProject
Project("{9A19103F-16F7-4668-BE54-9A1E7A4F7556}") = "Infrastructure", "..\Infrastructure\Infrastructure.csproj", "{6E606629-D9BD-4D45-8065-E0C9873F6841}"
EndProject
Project("{9A19103F-16F7-4668-BE54-9A1E7A4F7556}") = "TestApiHotelis", "TestApiHotelis\TestApiHotelis.csproj", "{4F930803-C6A6-4B20-9041-39532654E923}"
EndProject
Project("{9A19103F-16F7-4668-BE54-9A1E7A4F7556}") = "Hotelis.AppHost", "Hotelis.AppHost\Hotelis.AppHost.csproj", "{4CF82EC2-EF6E-44C0-AD18-88A1FCAC6426}"
EndProject
Project("{9A19103F-16F7-4668-BE54-9A1E7A4F7556}") = "Hotelis.ServiceDefaults", "Hotelis.ServiceDefaults\Hotelis.ServiceDefaults.csproj", "{F0B00C1C-AE4D-4A63-A437-51A2E2B223F3}"
EndProject
Project("{2150E333-8FDC-42A3-9474-1A3956D46DE8}") = "Solution Items", "Solution Items", "{86578D4A-F88D-46B9-99C9-64E687283FD6}"
	ProjectSection(SolutionItems) = preProject
		..\.editorconfig = ..\.editorconfig
	EndProjectSection
EndProject
Global
	GlobalSection(SolutionConfigurationPlatforms) = preSolution
		Debug|Any CPU = Debug|Any CPU
		Release|Any CPU = Release|Any CPU
	EndGlobalSection
	GlobalSection(ProjectConfigurationPlatforms) = postSolution
		{94FA1094-FB4F-450C-8A70-43C2283282C4}.Debug|Any CPU.ActiveCfg = Debug|Any CPU
		{94FA1094-FB4F-450C-8A70-43C2283282C4}.Debug|Any CPU.Build.0 = Debug|Any CPU
		{94FA1094-FB4F-450C-8A70-43C2283282C4}.Release|Any CPU.ActiveCfg = Release|Any CPU
		{94FA1094-FB4F-450C-8A70-43C2283282C4}.Release|Any CPU.Build.0 = Release|Any CPU
		{534E185F-04C7-4473-B8FA-E8892F42912F}.Debug|Any CPU.ActiveCfg = Debug|Any CPU
		{534E185F-04C7-4473-B8FA-E8892F42912F}.Debug|Any CPU.Build.0 = Debug|Any CPU
		{534E185F-04C7-4473-B8FA-E8892F42912F}.Release|Any CPU.ActiveCfg = Release|Any CPU
		{534E185F-04C7-4473-B8FA-E8892F42912F}.Release|Any CPU.Build.0 = Release|Any CPU
		{6E606629-D9BD-4D45-8065-E0C9873F6841}.Debug|Any CPU.ActiveCfg = Debug|Any CPU
		{6E606629-D9BD-4D45-8065-E0C9873F6841}.Debug|Any CPU.Build.0 = Debug|Any CPU
		{6E606629-D9BD-4D45-8065-E0C9873F6841}.Release|Any CPU.ActiveCfg = Release|Any CPU
		{6E606629-D9BD-4D45-8065-E0C9873F6841}.Release|Any CPU.Build.0 = Release|Any CPU
		{4F930803-C6A6-4B20-9041-39532654E923}.Debug|Any CPU.ActiveCfg = Debug|Any CPU
		{4F930803-C6A6-4B20-9041-39532654E923}.Debug|Any CPU.Build.0 = Debug|Any CPU
		{4F930803-C6A6-4B20-9041-39532654E923}.Release|Any CPU.ActiveCfg = Release|Any CPU
		{4F930803-C6A6-4B20-9041-39532654E923}.Release|Any CPU.Build.0 = Release|Any CPU
		{4CF82EC2-EF6E-44C0-AD18-88A1FCAC6426}.Debug|Any CPU.ActiveCfg = Debug|Any CPU
		{4CF82EC2-EF6E-44C0-AD18-88A1FCAC6426}.Debug|Any CPU.Build.0 = Debug|Any CPU
		{4CF82EC2-EF6E-44C0-AD18-88A1FCAC6426}.Release|Any CPU.ActiveCfg = Release|Any CPU
		{4CF82EC2-EF6E-44C0-AD18-88A1FCAC6426}.Release|Any CPU.Build.0 = Release|Any CPU
		{F0B00C1C-AE4D-4A63-A437-51A2E2B223F3}.Debug|Any CPU.ActiveCfg = Debug|Any CPU
		{F0B00C1C-AE4D-4A63-A437-51A2E2B223F3}.Debug|Any CPU.Build.0 = Debug|Any CPU
		{F0B00C1C-AE4D-4A63-A437-51A2E2B223F3}.Release|Any CPU.ActiveCfg = Release|Any CPU
		{F0B00C1C-AE4D-4A63-A437-51A2E2B223F3}.Release|Any CPU.Build.0 = Release|Any CPU
	EndGlobalSection
	GlobalSection(SolutionProperties) = preSolution
		HideSolutionNode = FALSE
	EndGlobalSection
	GlobalSection(ExtensibilityGlobals) = postSolution
		SolutionGuid = {A7D5E8B2-7251-4C29-9CAB-DF83EF700CAF}
	EndGlobalSection
EndGlobal
